// !$*UTF8*$!
{
	archiveVersion = 1;
	classes = {
	};
	objectVersion = 55;
	objects = {

/* Begin PBXBuildFile section */
		6754FFF827B6806100E7DD92 /* UIButton+makeNewButton.swift in Sources */ = {isa = PBXBuildFile; fileRef = 6754FFF727B6806100E7DD92 /* UIButton+makeNewButton.swift */; };
		6754FFFA27B68E7800E7DD92 /* UITextField+makeNewTextField.swift in Sources */ = {isa = PBXBuildFile; fileRef = 6754FFF927B68E7800E7DD92 /* UITextField+makeNewTextField.swift */; };
		6761E40327B59AF4003F82EF /* AppDelegate.swift in Sources */ = {isa = PBXBuildFile; fileRef = 6761E40227B59AF4003F82EF /* AppDelegate.swift */; };
		6761E40527B59AF4003F82EF /* SceneDelegate.swift in Sources */ = {isa = PBXBuildFile; fileRef = 6761E40427B59AF4003F82EF /* SceneDelegate.swift */; };
		6761E40727B59AF4003F82EF /* ViewController.swift in Sources */ = {isa = PBXBuildFile; fileRef = 6761E40627B59AF4003F82EF /* ViewController.swift */; };
		6761E40A27B59AF4003F82EF /* Main.storyboard in Resources */ = {isa = PBXBuildFile; fileRef = 6761E40827B59AF4003F82EF /* Main.storyboard */; };
		6761E40C27B59AF6003F82EF /* Assets.xcassets in Resources */ = {isa = PBXBuildFile; fileRef = 6761E40B27B59AF6003F82EF /* Assets.xcassets */; };
		6761E40F27B59AF6003F82EF /* LaunchScreen.storyboard in Resources */ = {isa = PBXBuildFile; fileRef = 6761E40D27B59AF6003F82EF /* LaunchScreen.storyboard */; };
		6761E41727B59F01003F82EF /* UIColor+hexColor.swift in Sources */ = {isa = PBXBuildFile; fileRef = 6761E41627B59F01003F82EF /* UIColor+hexColor.swift */; };
/* End PBXBuildFile section */

/* Begin PBXFileReference section */
		6754FFF727B6806100E7DD92 /* UIButton+makeNewButton.swift */ = {isa = PBXFileReference; lastKnownFileType = sourcecode.swift; path = "UIButton+makeNewButton.swift"; sourceTree = "<group>"; };
		6754FFF927B68E7800E7DD92 /* UITextField+makeNewTextField.swift */ = {isa = PBXFileReference; lastKnownFileType = sourcecode.swift; path = "UITextField+makeNewTextField.swift"; sourceTree = "<group>"; };
		6761E3FF27B59AF4003F82EF /* hwk11_calculator.app */ = {isa = PBXFileReference; explicitFileType = wrapper.application; includeInIndex = 0; path = hwk11_calculator.app; sourceTree = BUILT_PRODUCTS_DIR; };
		6761E40227B59AF4003F82EF /* AppDelegate.swift */ = {isa = PBXFileReference; lastKnownFileType = sourcecode.swift; path = AppDelegate.swift; sourceTree = "<group>"; };
		6761E40427B59AF4003F82EF /* SceneDelegate.swift */ = {isa = PBXFileReference; lastKnownFileType = sourcecode.swift; path = SceneDelegate.swift; sourceTree = "<group>"; };
		6761E40627B59AF4003F82EF /* ViewController.swift */ = {isa = PBXFileReference; lastKnownFileType = sourcecode.swift; path = ViewController.swift; sourceTree = "<group>"; };
		6761E40927B59AF4003F82EF /* Base */ = {isa = PBXFileReference; lastKnownFileType = file.storyboard; name = Base; path = Base.lproj/Main.storyboard; sourceTree = "<group>"; };
		6761E40B27B59AF6003F82EF /* Assets.xcassets */ = {isa = PBXFileReference; lastKnownFileType = folder.assetcatalog; path = Assets.xcassets; sourceTree = "<group>"; };
		6761E40E27B59AF6003F82EF /* Base */ = {isa = PBXFileReference; lastKnownFileType = file.storyboard; name = Base; path = Base.lproj/LaunchScreen.storyboard; sourceTree = "<group>"; };
		6761E41027B59AF6003F82EF /* Info.plist */ = {isa = PBXFileReference; lastKnownFileType = text.plist.xml; path = Info.plist; sourceTree = "<group>"; };
		6761E41627B59F01003F82EF /* UIColor+hexColor.swift */ = {isa = PBXFileReference; lastKnownFileType = sourcecode.swift; path = "UIColor+hexColor.swift"; sourceTree = "<group>"; };
/* End PBXFileReference section */

/* Begin PBXFrameworksBuildPhase section */
		6761E3FC27B59AF4003F82EF /* Frameworks */ = {
			isa = PBXFrameworksBuildPhase;
			buildActionMask = 2147483647;
			files = (
			);
			runOnlyForDeploymentPostprocessing = 0;
		};
/* End PBXFrameworksBuildPhase section */

/* Begin PBXGroup section */
		6761E3F627B59AF4003F82EF = {
			isa = PBXGroup;
			children = (
				6761E40127B59AF4003F82EF /* hwk11_calculator */,
				6761E40027B59AF4003F82EF /* Products */,
			);
			sourceTree = "<group>";
		};
		6761E40027B59AF4003F82EF /* Products */ = {
			isa = PBXGroup;
			children = (
				6761E3FF27B59AF4003F82EF /* hwk11_calculator.app */,
			);
			name = Products;
			sourceTree = "<group>";
		};
		6761E40127B59AF4003F82EF /* hwk11_calculator */ = {
			isa = PBXGroup;
			children = (
				6761E40227B59AF4003F82EF /* AppDelegate.swift */,
				6761E40427B59AF4003F82EF /* SceneDelegate.swift */,
				6761E41627B59F01003F82EF /* UIColor+hexColor.swift */,
				6761E40627B59AF4003F82EF /* ViewController.swift */,
				6754FFF727B6806100E7DD92 /* UIButton+makeNewButton.swift */,
				6754FFF927B68E7800E7DD92 /* UITextField+makeNewTextField.swift */,
				6761E40827B59AF4003F82EF /* Main.storyboard */,
				6761E40B27B59AF6003F82EF /* Assets.xcassets */,
				6761E40D27B59AF6003F82EF /* LaunchScreen.storyboard */,
				6761E41027B59AF6003F82EF /* Info.plist */,
			);
			path = hwk11_calculator;
			sourceTree = "<group>";
		};
/* End PBXGroup section */

/* Begin PBXNativeTarget section */
		6761E3FE27B59AF4003F82EF /* hwk11_calculator */ = {
			isa = PBXNativeTarget;
			buildConfigurationList = 6761E41327B59AF6003F82EF /* Build configuration list for PBXNativeTarget "hwk11_calculator" */;
			buildPhases = (
				6761E3FB27B59AF4003F82EF /* Sources */,
				6761E3FC27B59AF4003F82EF /* Frameworks */,
				6761E3FD27B59AF4003F82EF /* Resources */,
			);
			buildRules = (
			);
			dependencies = (
			);
			name = hwk11_calculator;
			productName = hwk11_calculator;
			productReference = 6761E3FF27B59AF4003F82EF /* hwk11_calculator.app */;
			productType = "com.apple.product-type.application";
		};
/* End PBXNativeTarget section */

/* Begin PBXProject section */
		6761E3F727B59AF4003F82EF /* Project object */ = {
			isa = PBXProject;
			attributes = {
				BuildIndependentTargetsInParallel = 1;
				LastSwiftUpdateCheck = 1310;
				LastUpgradeCheck = 1310;
				TargetAttributes = {
					6761E3FE27B59AF4003F82EF = {
						CreatedOnToolsVersion = 13.1;
					};
				};
			};
			buildConfigurationList = 6761E3FA27B59AF4003F82EF /* Build configuration list for PBXProject "hwk11_calculator" */;
			compatibilityVersion = "Xcode 13.0";
			developmentRegion = en;
			hasScannedForEncodings = 0;
			knownRegions = (
				en,
				Base,
			);
			mainGroup = 6761E3F627B59AF4003F82EF;
			productRefGroup = 6761E40027B59AF4003F82EF /* Products */;
			projectDirPath = "";
			projectRoot = "";
			targets = (
				6761E3FE27B59AF4003F82EF /* hwk11_calculator */,
			);
		};
/* End PBXProject section */

/* Begin PBXResourcesBuildPhase section */
		6761E3FD27B59AF4003F82EF /* Resources */ = {
			isa = PBXResourcesBuildPhase;
			buildActionMask = 2147483647;
			files = (
				6761E40F27B59AF6003F82EF /* LaunchScreen.storyboard in Resources */,
				6761E40C27B59AF6003F82EF /* Assets.xcassets in Resources */,
				6761E40A27B59AF4003F82EF /* Main.storyboard in Resources */,
			);
			runOnlyForDeploymentPostprocessing = 0;
		};
/* End PBXResourcesBuildPhase section */

/* Begin PBXSourcesBuildPhase section */
		6761E3FB27B59AF4003F82EF /* Sources */ = {
			isa = PBXSourcesBuildPhase;
			buildActionMask = 2147483647;
			files = (
				6754FFFA27B68E7800E7DD92 /* UITextField+makeNewTextField.swift in Sources */,
				6761E40727B59AF4003F82EF /* ViewController.swift in Sources */,
				6761E40327B59AF4003F82EF /* AppDelegate.swift in Sources */,
				6761E41727B59F01003F82EF /* UIColor+hexColor.swift in Sources */,
				6761E40527B59AF4003F82EF /* SceneDelegate.swift in Sources */,
				6754FFF827B6806100E7DD92 /* UIButton+makeNewButton.swift in Sources */,
			);
			runOnlyForDeploymentPostprocessing = 0;
		};
/* End PBXSourcesBuildPhase section */

/* Begin PBXVariantGroup section */
		6761E40827B59AF4003F82EF /* Main.storyboard */ = {
			isa = PBXVariantGroup;
			children = (
				6761E40927B59AF4003F82EF /* Base */,
			);
			name = Main.storyboard;
			sourceTree = "<group>";
		};
		6761E40D27B59AF6003F82EF /* LaunchScreen.storyboard */ = {
			isa = PBXVariantGroup;
			children = (
				6761E40E27B59AF6003F82EF /* Base */,
			);
			name = LaunchScreen.storyboard;
			sourceTree = "<group>";
		};
/* End PBXVariantGroup section */

/* Begin XCBuildConfiguration section */
		6761E41127B59AF6003F82EF /* Debug */ = {
			isa = XCBuildConfiguration;
			buildSettings = {
				ALWAYS_SEARCH_USER_PATHS = NO;
				CLANG_ANALYZER_NONNULL = YES;
				CLANG_ANALYZER_NUMBER_OBJECT_CONVERSION = YES_AGGRESSIVE;
				CLANG_CXX_LANGUAGE_STANDARD = "gnu++17";
				CLANG_CXX_LIBRARY = "libc++";
				CLANG_ENABLE_MODULES = YES;
				CLANG_ENABLE_OBJC_ARC = YES;
				CLANG_ENABLE_OBJC_WEAK = YES;
				CLANG_WARN_BLOCK_CAPTURE_AUTORELEASING = YES;
				CLANG_WARN_BOOL_CONVERSION = YES;
				CLANG_WARN_COMMA = YES;
				CLANG_WARN_CONSTANT_CONVERSION = YES;
				CLANG_WARN_DEPRECATED_OBJC_IMPLEMENTATIONS = YES;
				CLANG_WARN_DIRECT_OBJC_ISA_USAGE = YES_ERROR;
				CLANG_WARN_DOCUMENTATION_COMMENTS = YES;
				CLANG_WARN_EMPTY_BODY = YES;
				CLANG_WARN_ENUM_CONVERSION = YES;
				CLANG_WARN_INFINITE_RECURSION = YES;
				CLANG_WARN_INT_CONVERSION = YES;
				CLANG_WARN_NON_LITERAL_NULL_CONVERSION = YES;
				CLANG_WARN_OBJC_IMPLICIT_RETAIN_SELF = YES;
				CLANG_WARN_OBJC_LITERAL_CONVERSION = YES;
				CLANG_WARN_OBJC_ROOT_CLASS = YES_ERROR;
				CLANG_WARN_QUOTED_INCLUDE_IN_FRAMEWORK_HEADER = YES;
				CLANG_WARN_RANGE_LOOP_ANALYSIS = YES;
				CLANG_WARN_STRICT_PROTOTYPES = YES;
				CLANG_WARN_SUSPICIOUS_MOVE = YES;
				CLANG_WARN_UNGUARDED_AVAILABILITY = YES_AGGRESSIVE;
				CLANG_WARN_UNREACHABLE_CODE = YES;
				CLANG_WARN__DUPLICATE_METHOD_MATCH = YES;
				COPY_PHASE_STRIP = NO;
				DEBUG_INFORMATION_FORMAT = dwarf;
				ENABLE_STRICT_OBJC_MSGSEND = YES;
				ENABLE_TESTABILITY = YES;
				GCC_C_LANGUAGE_STANDARD = gnu11;
				GCC_DYNAMIC_NO_PIC = NO;
				GCC_NO_COMMON_BLOCKS = YES;
				GCC_OPTIMIZATION_LEVEL = 0;
				GCC_PREPROCESSOR_DEFINITIONS = (
					"DEBUG=1",
					"$(inherited)",
				);
				GCC_WARN_64_TO_32_BIT_CONVERSION = YES;
				GCC_WARN_ABOUT_RETURN_TYPE = YES_ERROR;
				GCC_WARN_UNDECLARED_SELECTOR = YES;
				GCC_WARN_UNINITIALIZED_AUTOS = YES_AGGRESSIVE;
				GCC_WARN_UNUSED_FUNCTION = YES;
				GCC_WARN_UNUSED_VARIABLE = YES;
				IPHONEOS_DEPLOYMENT_TARGET = 15.0;
				MTL_ENABLE_DEBUG_INFO = INCLUDE_SOURCE;
				MTL_FAST_MATH = YES;
				ONLY_ACTIVE_ARCH = YES;
				SDKROOT = iphoneos;
				SWIFT_ACTIVE_COMPILATION_CONDITIONS = DEBUG;
				SWIFT_OPTIMIZATION_LEVEL = "-Onone";
			};
			name = Debug;
		};
		6761E41227B59AF6003F82EF /* Release */ = {
			isa = XCBuildConfiguration;
			buildSettings = {
				ALWAYS_SEARCH_USER_PATHS = NO;
				CLANG_ANALYZER_NONNULL = YES;
				CLANG_ANALYZER_NUMBER_OBJECT_CONVERSION = YES_AGGRESSIVE;
				CLANG_CXX_LANGUAGE_STANDARD = "gnu++17";
				CLANG_CXX_LIBRARY = "libc++";
				CLANG_ENABLE_MODULES = YES;
				CLANG_ENABLE_OBJC_ARC = YES;
				CLANG_ENABLE_OBJC_WEAK = YES;
				CLANG_WARN_BLOCK_CAPTURE_AUTORELEASING = YES;
				CLANG_WARN_BOOL_CONVERSION = YES;
				CLANG_WARN_COMMA = YES;
				CLANG_WARN_CONSTANT_CONVERSION = YES;
				CLANG_WARN_DEPRECATED_OBJC_IMPLEMENTATIONS = YES;
				CLANG_WARN_DIRECT_OBJC_ISA_USAGE = YES_ERROR;
				CLANG_WARN_DOCUMENTATION_COMMENTS = YES;
				CLANG_WARN_EMPTY_BODY = YES;
				CLANG_WARN_ENUM_CONVERSION = YES;
				CLANG_WARN_INFINITE_RECURSION = YES;
				CLANG_WARN_INT_CONVERSION = YES;
				CLANG_WARN_NON_LITERAL_NULL_CONVERSION = YES;
				CLANG_WARN_OBJC_IMPLICIT_RETAIN_SELF = YES;
				CLANG_WARN_OBJC_LITERAL_CONVERSION = YES;
				CLANG_WARN_OBJC_ROOT_CLASS = YES_ERROR;
				CLANG_WARN_QUOTED_INCLUDE_IN_FRAMEWORK_HEADER = YES;
				CLANG_WARN_RANGE_LOOP_ANALYSIS = YES;
				CLANG_WARN_STRICT_PROTOTYPES = YES;
				CLANG_WARN_SUSPICIOUS_MOVE = YES;
				CLANG_WARN_UNGUARDED_AVAILABILITY = YES_AGGRESSIVE;
				CLANG_WARN_UNREACHABLE_CODE = YES;
				CLANG_WARN__DUPLICATE_METHOD_MATCH = YES;
				COPY_PHASE_STRIP = NO;
				DEBUG_INFORMATION_FORMAT = "dwarf-with-dsym";
				ENABLE_NS_ASSERTIONS = NO;
				ENABLE_STRICT_OBJC_MSGSEND = YES;
				GCC_C_LANGUAGE_STANDARD = gnu11;
				GCC_NO_COMMON_BLOCKS = YES;
				GCC_WARN_64_TO_32_BIT_CONVERSION = YES;
				GCC_WARN_ABOUT_RETURN_TYPE = YES_ERROR;
				GCC_WARN_UNDECLARED_SELECTOR = YES;
				GCC_WARN_UNINITIALIZED_AUTOS = YES_AGGRESSIVE;
				GCC_WARN_UNUSED_FUNCTION = YES;
				GCC_WARN_UNUSED_VARIABLE = YES;
				IPHONEOS_DEPLOYMENT_TARGET = 15.0;
				MTL_ENABLE_DEBUG_INFO = NO;
				MTL_FAST_MATH = YES;
				SDKROOT = iphoneos;
				SWIFT_COMPILATION_MODE = wholemodule;
				SWIFT_OPTIMIZATION_LEVEL = "-O";
				VALIDATE_PRODUCT = YES;
			};
			name = Release;
		};
		6761E41427B59AF6003F82EF /* Debug */ = {
			isa = XCBuildConfiguration;
			buildSettings = {
				ASSETCATALOG_COMPILER_APPICON_NAME = AppIcon;
				ASSETCATALOG_COMPILER_GLOBAL_ACCENT_COLOR_NAME = AccentColor;
				CODE_SIGN_STYLE = Automatic;
				CURRENT_PROJECT_VERSION = 1;
				DEVELOPMENT_TEAM = 67A656CXMY;
				GENERATE_INFOPLIST_FILE = YES;
				INFOPLIST_FILE = hwk11_calculator/Info.plist;
				INFOPLIST_KEY_UIApplicationSupportsIndirectInputEvents = YES;
				INFOPLIST_KEY_UILaunchStoryboardName = LaunchScreen;
				INFOPLIST_KEY_UIMainStoryboardFile = Main;
				INFOPLIST_KEY_UISupportedInterfaceOrientations = UIInterfaceOrientationPortrait;
				INFOPLIST_KEY_UISupportedInterfaceOrientations_iPad = "UIInterfaceOrientationPortrait UIInterfaceOrientationPortraitUpsideDown UIInterfaceOrientationLandscapeLeft UIInterfaceOrientationLandscapeRight";
				INFOPLIST_KEY_UISupportedInterfaceOrientations_iPhone = "UIInterfaceOrientationPortrait UIInterfaceOrientationLandscapeLeft UIInterfaceOrientationLandscapeRight";
				LD_RUNPATH_SEARCH_PATHS = (
					"$(inherited)",
					"@executable_path/Frameworks",
				);
				MARKETING_VERSION = 1.0;
				PRODUCT_BUNDLE_IDENTIFIER = "Kyzu.hwk11-calculator";
				PRODUCT_NAME = "$(TARGET_NAME)";
				SWIFT_EMIT_LOC_STRINGS = YES;
				SWIFT_VERSION = 5.0;
				TARGETED_DEVICE_FAMILY = "1,2";
			};
			name = Debug;
		};
		6761E41527B59AF6003F82EF /* Release */ = {
			isa = XCBuildConfiguration;
			buildSettings = {
				ASSETCATALOG_COMPILER_APPICON_NAME = AppIcon;
				ASSETCATALOG_COMPILER_GLOBAL_ACCENT_COLOR_NAME = AccentColor;
				CODE_SIGN_STYLE = Automatic;
				CURRENT_PROJECT_VERSION = 1;
				DEVELOPMENT_TEAM = 67A656CXMY;
				GENERATE_INFOPLIST_FILE = YES;
				INFOPLIST_FILE = hwk11_calculator/Info.plist;
				INFOPLIST_KEY_UIApplicationSupportsIndirectInputEvents = YES;
				INFOPLIST_KEY_UILaunchStoryboardName = LaunchScreen;
				INFOPLIST_KEY_UIMainStoryboardFile = Main;
				INFOPLIST_KEY_UISupportedInterfaceOrientations = UIInterfaceOrientationPortrait;
				INFOPLIST_KEY_UISupportedInterfaceOrientations_iPad = "UIInterfaceOrientationPortrait UIInterfaceOrientationPortraitUpsideDown UIInterfaceOrientationLandscapeLeft UIInterfaceOrientationLandscapeRight";
				INFOPLIST_KEY_UISupportedInterfaceOrientations_iPhone = "UIInterfaceOrientationPortrait UIInterfaceOrientationLandscapeLeft UIInterfaceOrientationLandscapeRight";
				LD_RUNPATH_SEARCH_PATHS = (
					"$(inherited)",
					"@executable_path/Frameworks",
				);
				MARKETING_VERSION = 1.0;
				PRODUCT_BUNDLE_IDENTIFIER = "Kyzu.hwk11-calculator";
				PRODUCT_NAME = "$(TARGET_NAME)";
				SWIFT_EMIT_LOC_STRINGS = YES;
				SWIFT_VERSION = 5.0;
				TARGETED_DEVICE_FAMILY = "1,2";
			};
			name = Release;
		};
/* End XCBuildConfiguration section */

/* Begin XCConfigurationList section */
		6761E3FA27B59AF4003F82EF /* Build configuration list for PBXProject "hwk11_calculator" */ = {
			isa = XCConfigurationList;
			buildConfigurations = (
				6761E41127B59AF6003F82EF /* Debug */,
				6761E41227B59AF6003F82EF /* Release */,
			);
			defaultConfigurationIsVisible = 0;
			defaultConfigurationName = Release;
		};
		6761E41327B59AF6003F82EF /* Build configuration list for PBXNativeTarget "hwk11_calculator" */ = {
			isa = XCConfigurationList;
			buildConfigurations = (
				6761E41427B59AF6003F82EF /* Debug */,
				6761E41527B59AF6003F82EF /* Release */,
			);
			defaultConfigurationIsVisible = 0;
			defaultConfigurationName = Release;
		};
/* End XCConfigurationList section */
	};
	rootObject = 6761E3F727B59AF4003F82EF /* Project object */;
}
